
Microsoft Visual Studio Solution File, Format Version 12.00
# Visual Studio 15
VisualStudioVersion = 15.0.28307.421
MinimumVisualStudioVersion = 10.0.40219.1
Project("{FAE04EC0-301F-11D3-BF4B-00C04F79EFBC}") = "Gridusagi.Android", "Gridusagi\Gridusagi.Android\Gridusagi.Android.csproj", "{69BDD921-8810-4A4E-A5B8-C61C31219C3D}"
EndProject
Project("{FAE04EC0-301F-11D3-BF4B-00C04F79EFBC}") = "Gridusagi", "Gridusagi\Gridusagi\Gridusagi.csproj", "{4B29C86A-5196-41F7-9076-13CED027B7B1}"
EndProject
Global
	GlobalSection(SolutionConfigurationPlatforms) = preSolution
		Debug|Any CPU = Debug|Any CPU
		Release|Any CPU = Release|Any CPU
	EndGlobalSection
	GlobalSection(ProjectConfigurationPlatforms) = postSolution
		{69BDD921-8810-4A4E-A5B8-C61C31219C3D}.Debug|Any CPU.ActiveCfg = Debug|Any CPU
		{69BDD921-8810-4A4E-A5B8-C61C31219C3D}.Debug|Any CPU.Build.0 = Debug|Any CPU
		{69BDD921-8810-4A4E-A5B8-C61C31219C3D}.Debug|Any CPU.Deploy.0 = Debug|Any CPU
		{69BDD921-8810-4A4E-A5B8-C61C31219C3D}.Release|Any CPU.ActiveCfg = Release|Any CPU
		{69BDD921-8810-4A4E-A5B8-C61C31219C3D}.Release|Any CPU.Build.0 = Release|Any CPU
		{69BDD921-8810-4A4E-A5B8-C61C31219C3D}.Release|Any CPU.Deploy.0 = Release|Any CPU
		{4B29C86A-5196-41F7-9076-13CED027B7B1}.Debug|Any CPU.ActiveCfg = Debug|Any CPU
		{4B29C86A-5196-41F7-9076-13CED027B7B1}.Debug|Any CPU.Build.0 = Debug|Any CPU
		{4B29C86A-5196-41F7-9076-13CED027B7B1}.Debug|Any CPU.Deploy.0 = Debug|Any CPU
		{4B29C86A-5196-41F7-9076-13CED027B7B1}.Release|Any CPU.ActiveCfg = Release|Any CPU
		{4B29C86A-5196-41F7-9076-13CED027B7B1}.Release|Any CPU.Build.0 = Release|Any CPU
		{4B29C86A-5196-41F7-9076-13CED027B7B1}.Release|Any CPU.Deploy.0 = Release|Any CPU
	EndGlobalSection
	GlobalSection(SolutionProperties) = preSolution
		HideSolutionNode = FALSE
	EndGlobalSection
	GlobalSection(ExtensibilityGlobals) = postSolution
		SolutionGuid = {5B00880A-50F1-4CF9-B2B1-79AED734A6BB}
	EndGlobalSection
EndGlobal
